
Microsoft Visual Studio Solution File, Format Version 12.00
# Visual Studio Version 17
VisualStudioVersion = 17.0.31903.59
MinimumVisualStudioVersion = 10.0.40219.1
Project("{FAE04EC0-301F-11D3-BF4B-00C04F79EFBC}") = "01-AsyncBasics", "src\01-AsyncBasics\01-AsyncBasics.csproj", "{9F3D8F2B-6E4A-4B2A-9C6F-0123456789AB}"
EndProject
Project("{FAE04EC0-301F-11D3-BF4B-00C04F79EFBC}") = "02-WhenAllWhenAny", "src\02-WhenAllWhenAny\02-WhenAllWhenAny.csproj", "{B5F2A3C4-8D12-4E6B-A9C7-1234567890AB}"
EndProject
Project("{FAE04EC0-301F-11D3-BF4B-00C04F79EFBC}") = "03-AsyncExceptions", "src\03-AsyncExceptions\03-AsyncExceptions.csproj", "{C3D4E5F6-7A89-4B2C-9D0E-ABCDEF123456}"
EndProject
Project("{FAE04EC0-301F-11D3-BF4B-00C04F79EFBC}") = "04-CancellationAndTimeout", "src\04-CancellationAndTimeout\04-CancellationAndTimeout.csproj", "{D4E5F6A7-1234-4B2C-8D9E-CAFEBABE0001}"
EndProject
Project("{FAE04EC0-301F-11D3-BF4B-00C04F79EFBC}") = "05-AsyncStreams", "src\05-AsyncStreams\05-AsyncStreams.csproj", "{E5F6A7B8-2345-4C3D-9E0F-BEEFCAFE0002}"
EndProject
Project("{FAE04EC0-301F-11D3-BF4B-00C04F79EFBC}") = "06-RepositoryAsync-Mock", "src\06-RepositoryAsync-Mock\06-RepositoryAsync-Mock.csproj", "{A9A98A71-8D31-4577-831B-9353393749A8}"
EndProject
Project("{FAE04EC0-301F-11D3-BF4B-00C04F79EFBC}") = "07-CPUvsIO", "src\07-CPUvsIO\07-CPUvsIO.csproj", "{59317B1A-8F64-4637-8F39-5A13647546CC}"
EndProject
Project("{FAE04EC0-301F-11D3-BF4B-00C04F79EFBC}") = "08-GotchasAndGuidelines", "src\08-GotchasAndGuidelines\08-GotchasAndGuidelines.csproj", "{2DB2F82B-03B8-4C49-8CCD-159D21AA9656}"
EndProject
Project("{FAE04EC0-301F-11D3-BF4B-00C04F79EFBC}") = "10-Integrador", "src\10-Integrador\10-Integrador.csproj", "{A8BF09A1-3833-44D3-9BB4-908CD862F253}"
EndProject
Project("{FAE04EC0-301F-11D3-BF4B-00C04F79EFBC}") = "09-ValueTaskMicroOptimizations", "src\09-ValueTaskMicroOptimizations\09-ValueTaskMicroOptimizations.csproj", "{6FBED489-34A7-49C6-A6E1-8909CDE7B843}"
EndProject
Project("{FAE04EC0-301F-11D3-BF4B-00C04F79EFBC}") = "11-ASPNetCore-Async", "src\11-ASPNetCore-Async\11-ASPNetCore-Async.csproj", "{38494E66-7E37-42AA-ABA1-B79DC40B816F}"
EndProject
Project("{FAE04EC0-301F-11D3-BF4B-00C04F79EFBC}") = "12-Resilience-Polly", "src\12-Resilience-Polly\12-Resilience-Polly.csproj", "{0B7B4FE9-AF2F-4F23-A253-62EA06343266}"
EndProject
Project("{FAE04EC0-301F-11D3-BF4B-00C04F79EFBC}") = "13-Benchmarks", "src\13-Benchmarks\13-Benchmarks.csproj", "{EFE974DD-B345-4583-90B5-20879E12846C}"
EndProject
Project("{FAE04EC0-301F-11D3-BF4B-00C04F79EFBC}") = "14-AsyncPlayground.Tests", "src\14-AsyncPlayground.Tests\14-AsyncPlayground.Tests.csproj", "{BB6E4C81-7236-4737-88CC-F4031D86DCD6}"
EndProject
Global
	GlobalSection(SolutionConfigurationPlatforms) = preSolution
		Debug|Any CPU = Debug|Any CPU
		Debug|x64 = Debug|x64
		Debug|x86 = Debug|x86
		Release|Any CPU = Release|Any CPU
		Release|x64 = Release|x64
		Release|x86 = Release|x86
	EndGlobalSection
	GlobalSection(ProjectConfigurationPlatforms) = postSolution
		{9F3D8F2B-6E4A-4B2A-9C6F-0123456789AB}.Debug|Any CPU.ActiveCfg = Debug|Any CPU
		{9F3D8F2B-6E4A-4B2A-9C6F-0123456789AB}.Debug|Any CPU.Build.0 = Debug|Any CPU
		{9F3D8F2B-6E4A-4B2A-9C6F-0123456789AB}.Debug|x64.ActiveCfg = Debug|Any CPU
		{9F3D8F2B-6E4A-4B2A-9C6F-0123456789AB}.Debug|x64.Build.0 = Debug|Any CPU
		{9F3D8F2B-6E4A-4B2A-9C6F-0123456789AB}.Debug|x86.ActiveCfg = Debug|Any CPU
		{9F3D8F2B-6E4A-4B2A-9C6F-0123456789AB}.Debug|x86.Build.0 = Debug|Any CPU
		{9F3D8F2B-6E4A-4B2A-9C6F-0123456789AB}.Release|Any CPU.ActiveCfg = Release|Any CPU
		{9F3D8F2B-6E4A-4B2A-9C6F-0123456789AB}.Release|Any CPU.Build.0 = Release|Any CPU
		{9F3D8F2B-6E4A-4B2A-9C6F-0123456789AB}.Release|x64.ActiveCfg = Release|Any CPU
		{9F3D8F2B-6E4A-4B2A-9C6F-0123456789AB}.Release|x64.Build.0 = Release|Any CPU
		{9F3D8F2B-6E4A-4B2A-9C6F-0123456789AB}.Release|x86.ActiveCfg = Release|Any CPU
		{9F3D8F2B-6E4A-4B2A-9C6F-0123456789AB}.Release|x86.Build.0 = Release|Any CPU
		{B5F2A3C4-8D12-4E6B-A9C7-1234567890AB}.Debug|Any CPU.ActiveCfg = Debug|Any CPU
		{B5F2A3C4-8D12-4E6B-A9C7-1234567890AB}.Debug|Any CPU.Build.0 = Debug|Any CPU
		{B5F2A3C4-8D12-4E6B-A9C7-1234567890AB}.Debug|x64.ActiveCfg = Debug|Any CPU
		{B5F2A3C4-8D12-4E6B-A9C7-1234567890AB}.Debug|x64.Build.0 = Debug|Any CPU
		{B5F2A3C4-8D12-4E6B-A9C7-1234567890AB}.Debug|x86.ActiveCfg = Debug|Any CPU
		{B5F2A3C4-8D12-4E6B-A9C7-1234567890AB}.Debug|x86.Build.0 = Debug|Any CPU
		{B5F2A3C4-8D12-4E6B-A9C7-1234567890AB}.Release|Any CPU.ActiveCfg = Release|Any CPU
		{B5F2A3C4-8D12-4E6B-A9C7-1234567890AB}.Release|Any CPU.Build.0 = Release|Any CPU
		{B5F2A3C4-8D12-4E6B-A9C7-1234567890AB}.Release|x64.ActiveCfg = Release|Any CPU
		{B5F2A3C4-8D12-4E6B-A9C7-1234567890AB}.Release|x64.Build.0 = Release|Any CPU
		{B5F2A3C4-8D12-4E6B-A9C7-1234567890AB}.Release|x86.ActiveCfg = Release|Any CPU
		{B5F2A3C4-8D12-4E6B-A9C7-1234567890AB}.Release|x86.Build.0 = Release|Any CPU
		{C3D4E5F6-7A89-4B2C-9D0E-ABCDEF123456}.Debug|Any CPU.ActiveCfg = Debug|Any CPU
		{C3D4E5F6-7A89-4B2C-9D0E-ABCDEF123456}.Debug|Any CPU.Build.0 = Debug|Any CPU
		{C3D4E5F6-7A89-4B2C-9D0E-ABCDEF123456}.Debug|x64.ActiveCfg = Debug|Any CPU
		{C3D4E5F6-7A89-4B2C-9D0E-ABCDEF123456}.Debug|x64.Build.0 = Debug|Any CPU
		{C3D4E5F6-7A89-4B2C-9D0E-ABCDEF123456}.Debug|x86.ActiveCfg = Debug|Any CPU
		{C3D4E5F6-7A89-4B2C-9D0E-ABCDEF123456}.Debug|x86.Build.0 = Debug|Any CPU
		{C3D4E5F6-7A89-4B2C-9D0E-ABCDEF123456}.Release|Any CPU.ActiveCfg = Release|Any CPU
		{C3D4E5F6-7A89-4B2C-9D0E-ABCDEF123456}.Release|Any CPU.Build.0 = Release|Any CPU
		{C3D4E5F6-7A89-4B2C-9D0E-ABCDEF123456}.Release|x64.ActiveCfg = Release|Any CPU
		{C3D4E5F6-7A89-4B2C-9D0E-ABCDEF123456}.Release|x64.Build.0 = Release|Any CPU
		{C3D4E5F6-7A89-4B2C-9D0E-ABCDEF123456}.Release|x86.ActiveCfg = Release|Any CPU
		{C3D4E5F6-7A89-4B2C-9D0E-ABCDEF123456}.Release|x86.Build.0 = Release|Any CPU
		{D4E5F6A7-1234-4B2C-8D9E-CAFEBABE0001}.Debug|Any CPU.ActiveCfg = Debug|Any CPU
		{D4E5F6A7-1234-4B2C-8D9E-CAFEBABE0001}.Debug|Any CPU.Build.0 = Debug|Any CPU
		{D4E5F6A7-1234-4B2C-8D9E-CAFEBABE0001}.Debug|x64.ActiveCfg = Debug|Any CPU
		{D4E5F6A7-1234-4B2C-8D9E-CAFEBABE0001}.Debug|x64.Build.0 = Debug|Any CPU
		{D4E5F6A7-1234-4B2C-8D9E-CAFEBABE0001}.Debug|x86.ActiveCfg = Debug|Any CPU
		{D4E5F6A7-1234-4B2C-8D9E-CAFEBABE0001}.Debug|x86.Build.0 = Debug|Any CPU
		{D4E5F6A7-1234-4B2C-8D9E-CAFEBABE0001}.Release|Any CPU.ActiveCfg = Release|Any CPU
		{D4E5F6A7-1234-4B2C-8D9E-CAFEBABE0001}.Release|Any CPU.Build.0 = Release|Any CPU
		{D4E5F6A7-1234-4B2C-8D9E-CAFEBABE0001}.Release|x64.ActiveCfg = Release|Any CPU
		{D4E5F6A7-1234-4B2C-8D9E-CAFEBABE0001}.Release|x64.Build.0 = Release|Any CPU
		{D4E5F6A7-1234-4B2C-8D9E-CAFEBABE0001}.Release|x86.ActiveCfg = Release|Any CPU
		{D4E5F6A7-1234-4B2C-8D9E-CAFEBABE0001}.Release|x86.Build.0 = Release|Any CPU
		{E5F6A7B8-2345-4C3D-9E0F-BEEFCAFE0002}.Debug|Any CPU.ActiveCfg = Debug|Any CPU
		{E5F6A7B8-2345-4C3D-9E0F-BEEFCAFE0002}.Debug|Any CPU.Build.0 = Debug|Any CPU
		{E5F6A7B8-2345-4C3D-9E0F-BEEFCAFE0002}.Debug|x64.ActiveCfg = Debug|Any CPU
		{E5F6A7B8-2345-4C3D-9E0F-BEEFCAFE0002}.Debug|x64.Build.0 = Debug|Any CPU
		{E5F6A7B8-2345-4C3D-9E0F-BEEFCAFE0002}.Debug|x86.ActiveCfg = Debug|Any CPU
		{E5F6A7B8-2345-4C3D-9E0F-BEEFCAFE0002}.Debug|x86.Build.0 = Debug|Any CPU
		{E5F6A7B8-2345-4C3D-9E0F-BEEFCAFE0002}.Release|Any CPU.ActiveCfg = Release|Any CPU
		{E5F6A7B8-2345-4C3D-9E0F-BEEFCAFE0002}.Release|Any CPU.Build.0 = Release|Any CPU
		{E5F6A7B8-2345-4C3D-9E0F-BEEFCAFE0002}.Release|x64.ActiveCfg = Release|Any CPU
		{E5F6A7B8-2345-4C3D-9E0F-BEEFCAFE0002}.Release|x64.Build.0 = Release|Any CPU
		{E5F6A7B8-2345-4C3D-9E0F-BEEFCAFE0002}.Release|x86.ActiveCfg = Release|Any CPU
		{E5F6A7B8-2345-4C3D-9E0F-BEEFCAFE0002}.Release|x86.Build.0 = Release|Any CPU
		{A9A98A71-8D31-4577-831B-9353393749A8}.Debug|Any CPU.ActiveCfg = Debug|Any CPU
		{A9A98A71-8D31-4577-831B-9353393749A8}.Debug|Any CPU.Build.0 = Debug|Any CPU
		{A9A98A71-8D31-4577-831B-9353393749A8}.Debug|x64.ActiveCfg = Debug|Any CPU
		{A9A98A71-8D31-4577-831B-9353393749A8}.Debug|x64.Build.0 = Debug|Any CPU
		{A9A98A71-8D31-4577-831B-9353393749A8}.Debug|x86.ActiveCfg = Debug|Any CPU
		{A9A98A71-8D31-4577-831B-9353393749A8}.Debug|x86.Build.0 = Debug|Any CPU
		{A9A98A71-8D31-4577-831B-9353393749A8}.Release|Any CPU.ActiveCfg = Release|Any CPU
		{A9A98A71-8D31-4577-831B-9353393749A8}.Release|Any CPU.Build.0 = Release|Any CPU
		{A9A98A71-8D31-4577-831B-9353393749A8}.Release|x64.ActiveCfg = Release|Any CPU
		{A9A98A71-8D31-4577-831B-9353393749A8}.Release|x64.Build.0 = Release|Any CPU
		{A9A98A71-8D31-4577-831B-9353393749A8}.Release|x86.ActiveCfg = Release|Any CPU
		{A9A98A71-8D31-4577-831B-9353393749A8}.Release|x86.Build.0 = Release|Any CPU
		{59317B1A-8F64-4637-8F39-5A13647546CC}.Debug|Any CPU.ActiveCfg = Debug|Any CPU
		{59317B1A-8F64-4637-8F39-5A13647546CC}.Debug|Any CPU.Build.0 = Debug|Any CPU
		{59317B1A-8F64-4637-8F39-5A13647546CC}.Debug|x64.ActiveCfg = Debug|Any CPU
		{59317B1A-8F64-4637-8F39-5A13647546CC}.Debug|x64.Build.0 = Debug|Any CPU
		{59317B1A-8F64-4637-8F39-5A13647546CC}.Debug|x86.ActiveCfg = Debug|Any CPU
		{59317B1A-8F64-4637-8F39-5A13647546CC}.Debug|x86.Build.0 = Debug|Any CPU
		{59317B1A-8F64-4637-8F39-5A13647546CC}.Release|Any CPU.ActiveCfg = Release|Any CPU
		{59317B1A-8F64-4637-8F39-5A13647546CC}.Release|Any CPU.Build.0 = Release|Any CPU
		{59317B1A-8F64-4637-8F39-5A13647546CC}.Release|x64.ActiveCfg = Release|Any CPU
		{59317B1A-8F64-4637-8F39-5A13647546CC}.Release|x64.Build.0 = Release|Any CPU
		{59317B1A-8F64-4637-8F39-5A13647546CC}.Release|x86.ActiveCfg = Release|Any CPU
		{59317B1A-8F64-4637-8F39-5A13647546CC}.Release|x86.Build.0 = Release|Any CPU
		{2DB2F82B-03B8-4C49-8CCD-159D21AA9656}.Debug|Any CPU.ActiveCfg = Debug|Any CPU
		{2DB2F82B-03B8-4C49-8CCD-159D21AA9656}.Debug|Any CPU.Build.0 = Debug|Any CPU
		{2DB2F82B-03B8-4C49-8CCD-159D21AA9656}.Debug|x64.ActiveCfg = Debug|Any CPU
		{2DB2F82B-03B8-4C49-8CCD-159D21AA9656}.Debug|x64.Build.0 = Debug|Any CPU
		{2DB2F82B-03B8-4C49-8CCD-159D21AA9656}.Debug|x86.ActiveCfg = Debug|Any CPU
		{2DB2F82B-03B8-4C49-8CCD-159D21AA9656}.Debug|x86.Build.0 = Debug|Any CPU
		{2DB2F82B-03B8-4C49-8CCD-159D21AA9656}.Release|Any CPU.ActiveCfg = Release|Any CPU
		{2DB2F82B-03B8-4C49-8CCD-159D21AA9656}.Release|Any CPU.Build.0 = Release|Any CPU
		{2DB2F82B-03B8-4C49-8CCD-159D21AA9656}.Release|x64.ActiveCfg = Release|Any CPU
		{2DB2F82B-03B8-4C49-8CCD-159D21AA9656}.Release|x64.Build.0 = Release|Any CPU
		{2DB2F82B-03B8-4C49-8CCD-159D21AA9656}.Release|x86.ActiveCfg = Release|Any CPU
		{2DB2F82B-03B8-4C49-8CCD-159D21AA9656}.Release|x86.Build.0 = Release|Any CPU
		{A8BF09A1-3833-44D3-9BB4-908CD862F253}.Debug|Any CPU.ActiveCfg = Debug|Any CPU
		{A8BF09A1-3833-44D3-9BB4-908CD862F253}.Debug|Any CPU.Build.0 = Debug|Any CPU
		{A8BF09A1-3833-44D3-9BB4-908CD862F253}.Debug|x64.ActiveCfg = Debug|Any CPU
		{A8BF09A1-3833-44D3-9BB4-908CD862F253}.Debug|x64.Build.0 = Debug|Any CPU
		{A8BF09A1-3833-44D3-9BB4-908CD862F253}.Debug|x86.ActiveCfg = Debug|Any CPU
		{A8BF09A1-3833-44D3-9BB4-908CD862F253}.Debug|x86.Build.0 = Debug|Any CPU
		{A8BF09A1-3833-44D3-9BB4-908CD862F253}.Release|Any CPU.ActiveCfg = Release|Any CPU
		{A8BF09A1-3833-44D3-9BB4-908CD862F253}.Release|Any CPU.Build.0 = Release|Any CPU
		{A8BF09A1-3833-44D3-9BB4-908CD862F253}.Release|x64.ActiveCfg = Release|Any CPU
		{A8BF09A1-3833-44D3-9BB4-908CD862F253}.Release|x64.Build.0 = Release|Any CPU
		{A8BF09A1-3833-44D3-9BB4-908CD862F253}.Release|x86.ActiveCfg = Release|Any CPU
		{A8BF09A1-3833-44D3-9BB4-908CD862F253}.Release|x86.Build.0 = Release|Any CPU
		{6FBED489-34A7-49C6-A6E1-8909CDE7B843}.Debug|Any CPU.ActiveCfg = Debug|Any CPU
		{6FBED489-34A7-49C6-A6E1-8909CDE7B843}.Debug|Any CPU.Build.0 = Debug|Any CPU
		{6FBED489-34A7-49C6-A6E1-8909CDE7B843}.Debug|x64.ActiveCfg = Debug|Any CPU
		{6FBED489-34A7-49C6-A6E1-8909CDE7B843}.Debug|x64.Build.0 = Debug|Any CPU
		{6FBED489-34A7-49C6-A6E1-8909CDE7B843}.Debug|x86.ActiveCfg = Debug|Any CPU
		{6FBED489-34A7-49C6-A6E1-8909CDE7B843}.Debug|x86.Build.0 = Debug|Any CPU
		{6FBED489-34A7-49C6-A6E1-8909CDE7B843}.Release|Any CPU.ActiveCfg = Release|Any CPU
		{6FBED489-34A7-49C6-A6E1-8909CDE7B843}.Release|Any CPU.Build.0 = Release|Any CPU
		{6FBED489-34A7-49C6-A6E1-8909CDE7B843}.Release|x64.ActiveCfg = Release|Any CPU
		{6FBED489-34A7-49C6-A6E1-8909CDE7B843}.Release|x64.Build.0 = Release|Any CPU
		{6FBED489-34A7-49C6-A6E1-8909CDE7B843}.Release|x86.ActiveCfg = Release|Any CPU
		{6FBED489-34A7-49C6-A6E1-8909CDE7B843}.Release|x86.Build.0 = Release|Any CPU
		{38494E66-7E37-42AA-ABA1-B79DC40B816F}.Debug|Any CPU.ActiveCfg = Debug|Any CPU
		{38494E66-7E37-42AA-ABA1-B79DC40B816F}.Debug|Any CPU.Build.0 = Debug|Any CPU
		{38494E66-7E37-42AA-ABA1-B79DC40B816F}.Debug|x64.ActiveCfg = Debug|Any CPU
		{38494E66-7E37-42AA-ABA1-B79DC40B816F}.Debug|x64.Build.0 = Debug|Any CPU
		{38494E66-7E37-42AA-ABA1-B79DC40B816F}.Debug|x86.ActiveCfg = Debug|Any CPU
		{38494E66-7E37-42AA-ABA1-B79DC40B816F}.Debug|x86.Build.0 = Debug|Any CPU
		{38494E66-7E37-42AA-ABA1-B79DC40B816F}.Release|Any CPU.ActiveCfg = Release|Any CPU
		{38494E66-7E37-42AA-ABA1-B79DC40B816F}.Release|Any CPU.Build.0 = Release|Any CPU
		{38494E66-7E37-42AA-ABA1-B79DC40B816F}.Release|x64.ActiveCfg = Release|Any CPU
		{38494E66-7E37-42AA-ABA1-B79DC40B816F}.Release|x64.Build.0 = Release|Any CPU
		{38494E66-7E37-42AA-ABA1-B79DC40B816F}.Release|x86.ActiveCfg = Release|Any CPU
		{38494E66-7E37-42AA-ABA1-B79DC40B816F}.Release|x86.Build.0 = Release|Any CPU
		{0B7B4FE9-AF2F-4F23-A253-62EA06343266}.Debug|Any CPU.ActiveCfg = Debug|Any CPU
		{0B7B4FE9-AF2F-4F23-A253-62EA06343266}.Debug|Any CPU.Build.0 = Debug|Any CPU
		{0B7B4FE9-AF2F-4F23-A253-62EA06343266}.Debug|x64.ActiveCfg = Debug|Any CPU
		{0B7B4FE9-AF2F-4F23-A253-62EA06343266}.Debug|x64.Build.0 = Debug|Any CPU
		{0B7B4FE9-AF2F-4F23-A253-62EA06343266}.Debug|x86.ActiveCfg = Debug|Any CPU
		{0B7B4FE9-AF2F-4F23-A253-62EA06343266}.Debug|x86.Build.0 = Debug|Any CPU
		{0B7B4FE9-AF2F-4F23-A253-62EA06343266}.Release|Any CPU.ActiveCfg = Release|Any CPU
		{0B7B4FE9-AF2F-4F23-A253-62EA06343266}.Release|Any CPU.Build.0 = Release|Any CPU
		{0B7B4FE9-AF2F-4F23-A253-62EA06343266}.Release|x64.ActiveCfg = Release|Any CPU
		{0B7B4FE9-AF2F-4F23-A253-62EA06343266}.Release|x64.Build.0 = Release|Any CPU
		{0B7B4FE9-AF2F-4F23-A253-62EA06343266}.Release|x86.ActiveCfg = Release|Any CPU
		{0B7B4FE9-AF2F-4F23-A253-62EA06343266}.Release|x86.Build.0 = Release|Any CPU
		{EFE974DD-B345-4583-90B5-20879E12846C}.Debug|Any CPU.ActiveCfg = Debug|Any CPU
		{EFE974DD-B345-4583-90B5-20879E12846C}.Debug|Any CPU.Build.0 = Debug|Any CPU
		{EFE974DD-B345-4583-90B5-20879E12846C}.Debug|x64.ActiveCfg = Debug|Any CPU
		{EFE974DD-B345-4583-90B5-20879E12846C}.Debug|x64.Build.0 = Debug|Any CPU
		{EFE974DD-B345-4583-90B5-20879E12846C}.Debug|x86.ActiveCfg = Debug|Any CPU
		{EFE974DD-B345-4583-90B5-20879E12846C}.Debug|x86.Build.0 = Debug|Any CPU
		{EFE974DD-B345-4583-90B5-20879E12846C}.Release|Any CPU.ActiveCfg = Release|Any CPU
		{EFE974DD-B345-4583-90B5-20879E12846C}.Release|Any CPU.Build.0 = Release|Any CPU
		{EFE974DD-B345-4583-90B5-20879E12846C}.Release|x64.ActiveCfg = Release|Any CPU
		{EFE974DD-B345-4583-90B5-20879E12846C}.Release|x64.Build.0 = Release|Any CPU
		{EFE974DD-B345-4583-90B5-20879E12846C}.Release|x86.ActiveCfg = Release|Any CPU
		{EFE974DD-B345-4583-90B5-20879E12846C}.Release|x86.Build.0 = Release|Any CPU
		{BB6E4C81-7236-4737-88CC-F4031D86DCD6}.Debug|Any CPU.ActiveCfg = Debug|Any CPU
		{BB6E4C81-7236-4737-88CC-F4031D86DCD6}.Debug|Any CPU.Build.0 = Debug|Any CPU
		{BB6E4C81-7236-4737-88CC-F4031D86DCD6}.Debug|x64.ActiveCfg = Debug|Any CPU
		{BB6E4C81-7236-4737-88CC-F4031D86DCD6}.Debug|x64.Build.0 = Debug|Any CPU
		{BB6E4C81-7236-4737-88CC-F4031D86DCD6}.Debug|x86.ActiveCfg = Debug|Any CPU
		{BB6E4C81-7236-4737-88CC-F4031D86DCD6}.Debug|x86.Build.0 = Debug|Any CPU
		{BB6E4C81-7236-4737-88CC-F4031D86DCD6}.Release|Any CPU.ActiveCfg = Release|Any CPU
		{BB6E4C81-7236-4737-88CC-F4031D86DCD6}.Release|Any CPU.Build.0 = Release|Any CPU
		{BB6E4C81-7236-4737-88CC-F4031D86DCD6}.Release|x64.ActiveCfg = Release|Any CPU
		{BB6E4C81-7236-4737-88CC-F4031D86DCD6}.Release|x64.Build.0 = Release|Any CPU
		{BB6E4C81-7236-4737-88CC-F4031D86DCD6}.Release|x86.ActiveCfg = Release|Any CPU
		{BB6E4C81-7236-4737-88CC-F4031D86DCD6}.Release|x86.Build.0 = Release|Any CPU
	EndGlobalSection
	GlobalSection(SolutionProperties) = preSolution
		HideSolutionNode = FALSE
	EndGlobalSection
	GlobalSection(NestedProjects) = preSolution
    
	EndGlobalSection
EndGlobal
