Microsoft Visual Studio Solution File, Format Version 12.00
# Visual Studio Version 17
VisualStudioVersion = 17.5.2.0
MinimumVisualStudioVersion = 10.0.40219.1
Project("{FAE04EC0-301F-11D3-BF4B-00C04F79EFBC}") = "Aula_03_Encapsulamento", "Aula_03_Encapsulamento.csproj", "{1A3ABF6C-4808-7337-605C-948F532CC416}"
EndProject
Global
	GlobalSection(SolutionConfigurationPlatforms) = preSolution
		Debug|Any CPU = Debug|Any CPU
		Release|Any CPU = Release|Any CPU
	EndGlobalSection
	GlobalSection(ProjectConfigurationPlatforms) = postSolution
		{1A3ABF6C-4808-7337-605C-948F532CC416}.Debug|Any CPU.ActiveCfg = Debug|Any CPU
		{1A3ABF6C-4808-7337-605C-948F532CC416}.Debug|Any CPU.Build.0 = Debug|Any CPU
		{1A3ABF6C-4808-7337-605C-948F532CC416}.Release|Any CPU.ActiveCfg = Release|Any CPU
		{1A3ABF6C-4808-7337-605C-948F532CC416}.Release|Any CPU.Build.0 = Release|Any CPU
	EndGlobalSection
	GlobalSection(SolutionProperties) = preSolution
		HideSolutionNode = FALSE
	EndGlobalSection
	GlobalSection(ExtensibilityGlobals) = postSolution
		SolutionGuid = {921D8308-EFFB-4FE6-BC77-3ADC55B40229}
	EndGlobalSection
EndGlobal
