Microsoft Visual Studio Solution File, Format Version 12.00
# Visual Studio Version 17
VisualStudioVersion = 17.5.2.0
MinimumVisualStudioVersion = 10.0.40219.1
Project("{FAE04EC0-301F-11D3-BF4B-00C04F79EFBC}") = "Aula04_MA", "Aula04_MA.csproj", "{6CA321BC-43EC-8522-D93A-034DD666190E}"
EndProject
Global
	GlobalSection(SolutionConfigurationPlatforms) = preSolution
		Debug|Any CPU = Debug|Any CPU
		Release|Any CPU = Release|Any CPU
	EndGlobalSection
	GlobalSection(ProjectConfigurationPlatforms) = postSolution
		{6CA321BC-43EC-8522-D93A-034DD666190E}.Debug|Any CPU.ActiveCfg = Debug|Any CPU
		{6CA321BC-43EC-8522-D93A-034DD666190E}.Debug|Any CPU.Build.0 = Debug|Any CPU
		{6CA321BC-43EC-8522-D93A-034DD666190E}.Release|Any CPU.ActiveCfg = Release|Any CPU
		{6CA321BC-43EC-8522-D93A-034DD666190E}.Release|Any CPU.Build.0 = Release|Any CPU
	EndGlobalSection
	GlobalSection(SolutionProperties) = preSolution
		HideSolutionNode = FALSE
	EndGlobalSection
	GlobalSection(ExtensibilityGlobals) = postSolution
		SolutionGuid = {299A3C36-BDB2-4F06-BD36-3E5E125C975D}
	EndGlobalSection
EndGlobal
